
Microsoft Visual Studio Solution File, Format Version 12.00
# Visual Studio 15
VisualStudioVersion = 15.0.27004.2002
MinimumVisualStudioVersion = 10.0.40219.1
Project("{FAE04EC0-301F-11D3-BF4B-00C04F79EFBC}") = "Test", "Test\Test.csproj", "{06382192-218C-4F21-B70A-BF0A66EA9B71}"
EndProject
Global
	GlobalSection(SolutionConfigurationPlatforms) = preSolution
		Debug|Any CPU = Debug|Any CPU
		Release|Any CPU = Release|Any CPU
	EndGlobalSection
	GlobalSection(ProjectConfigurationPlatforms) = postSolution
		{06382192-218C-4F21-B70A-BF0A66EA9B71}.Debug|Any CPU.ActiveCfg = Debug|Any CPU
		{06382192-218C-4F21-B70A-BF0A66EA9B71}.Debug|Any CPU.Build.0 = Debug|Any CPU
		{06382192-218C-4F21-B70A-BF0A66EA9B71}.Release|Any CPU.ActiveCfg = Release|Any CPU
		{06382192-218C-4F21-B70A-BF0A66EA9B71}.Release|Any CPU.Build.0 = Release|Any CPU
	EndGlobalSection
	GlobalSection(SolutionProperties) = preSolution
		HideSolutionNode = FALSE
	EndGlobalSection
	GlobalSection(ExtensibilityGlobals) = postSolution
		SolutionGuid = {AC3AB176-1BD7-4053-9124-0E20C231EDB5}
	EndGlobalSection
EndGlobal
