
Microsoft Visual Studio Solution File, Format Version 12.00
# Visual Studio 2013
VisualStudioVersion = 12.0.40629.0
MinimumVisualStudioVersion = 10.0.40219.1
Project("{FAE04EC0-301F-11D3-BF4B-00C04F79EFBC}") = "Console", "Console\Console.csproj", "{53B2EDCB-0DA2-435C-973F-86F6F303623A}"
	ProjectSection(ProjectDependencies) = postProject
		{6552CCC8-0ADD-4FDB-A168-5AAC6FE23A74} = {6552CCC8-0ADD-4FDB-A168-5AAC6FE23A74}
	EndProjectSection
EndProject
Project("{2150E333-8FDC-42A3-9474-1A3956D46DE8}") = "Solution Items", "Solution Items", "{188C033B-5965-456F-A65D-7332303C3FD3}"
	ProjectSection(SolutionItems) = preProject
		cccheck help.txt = cccheck help.txt
		GlobalAssemblyInfo.cs = GlobalAssemblyInfo.cs
		Key.snk = Key.snk
		Performance1.psess = Performance1.psess
		Performance2.psess = Performance2.psess
		UpdateDependencies.cmd = UpdateDependencies.cmd
	EndProjectSection
EndProject
Project("{FAE04EC0-301F-11D3-BF4B-00C04F79EFBC}") = "Core", "Core\Core.csproj", "{EBEDD305-0975-416B-A4E5-4C8F5EADB304}"
EndProject
Project("{FAE04EC0-301F-11D3-BF4B-00C04F79EFBC}") = "ContractsMerger", "ContractsMerger\ContractsMerger.csproj", "{CD4DD380-2148-4C8C-B646-D0405F22D9DE}"
EndProject
Project("{FAE04EC0-301F-11D3-BF4B-00C04F79EFBC}") = "Gui", "Gui\Gui.csproj", "{84CDCF2E-CF8F-4381-93E6-CD204D50F8C5}"
	ProjectSection(ProjectDependencies) = postProject
		{6552CCC8-0ADD-4FDB-A168-5AAC6FE23A74} = {6552CCC8-0ADD-4FDB-A168-5AAC6FE23A74}
	EndProjectSection
EndProject
Project("{FAE04EC0-301F-11D3-BF4B-00C04F79EFBC}") = "Examples", "Examples\Examples.csproj", "{6552CCC8-0ADD-4FDB-A168-5AAC6FE23A74}"
EndProject
Project("{2150E333-8FDC-42A3-9474-1A3956D46DE8}") = "Tools", "Tools", "{579D0B2C-9780-4C79-B41A-5A222BFC5E3D}"
EndProject
Project("{2150E333-8FDC-42A3-9474-1A3956D46DE8}") = "Frontends", "Frontends", "{937440F7-801C-4674-A140-098AF035AE8A}"
EndProject
Project("{FAE04EC0-301F-11D3-BF4B-00C04F79EFBC}") = "EPAOverlapper", "EPAOverlapper\EPAOverlapper.csproj", "{AB023680-8E27-4D6C-9EC7-56102A6D3A8A}"
EndProject
Project("{FAE04EC0-301F-11D3-BF4B-00C04F79EFBC}") = "Core.Model", "Core.Model\Core.Model.csproj", "{C172F5CC-8814-46DF-B25D-2994E524E1D5}"
EndProject
Project("{FAE04EC0-301F-11D3-BF4B-00C04F79EFBC}") = "Analysis.Cci", "Analysis.Cci\Analysis.Cci.csproj", "{9A922E63-A371-4AA3-8026-EDB091FEF659}"
EndProject
Project("{FAE04EC0-301F-11D3-BF4B-00C04F79EFBC}") = "Analyzer.Corral", "Analyzer.Corral\Analyzer.Corral.csproj", "{62808611-4211-4C87-9628-C237900A581A}"
EndProject
Project("{FAE04EC0-301F-11D3-BF4B-00C04F79EFBC}") = "Analyzer.CodeContracts", "Analyzer.CodeContracts\Analyzer.CodeContracts.csproj", "{D0AF37F6-01AE-4AA0-AFA7-1FB91D226C8F}"
EndProject
Project("{FAE04EC0-301F-11D3-BF4B-00C04F79EFBC}") = "Analyzer.Corral.Tests", "Analyzer.Corral.Tests\Analyzer.Corral.Tests.csproj", "{62482938-9C18-42DA-AC34-E82849E86193}"
EndProject
Project("{FAE04EC0-301F-11D3-BF4B-00C04F79EFBC}") = "Core.Tests", "Core.Tests\Core.Tests.csproj", "{858AEB07-6C6B-4C98-AEBF-594FE32D2DD3}"
EndProject
Project("{FAE04EC0-301F-11D3-BF4B-00C04F79EFBC}") = "Log", "Logger\Log.csproj", "{C60DA473-D2F6-4650-ADA9-FF5AA1C7B75C}"
EndProject
Project("{FAE04EC0-301F-11D3-BF4B-00C04F79EFBC}") = "Analyzer.CodeContracts.Tests", "Analyzer.CodeContracts.Tests\Analyzer.CodeContracts.Tests.csproj", "{52F050D1-31E4-4E2A-8765-13C21790FFF3}"
EndProject
Project("{FAE04EC0-301F-11D3-BF4B-00C04F79EFBC}") = "Instrumenter", "Instrumenter\Instrumenter.csproj", "{86C9FA05-49E9-462D-B719-1456A7E542E8}"
EndProject
Project("{FAE04EC0-301F-11D3-BF4B-00C04F79EFBC}") = "ErrorInstrumentator", "ErrorInstrumentator\ErrorInstrumentator.csproj", "{B3247FA5-373E-46FA-8931-C189C522CA58}"
EndProject
Project("{FAE04EC0-301F-11D3-BF4B-00C04F79EFBC}") = "Console.Tests", "Console.Tests\Console.Tests.csproj", "{893158E1-F873-440C-994D-98BFEB5A853D}"
EndProject
Global
	GlobalSection(SolutionConfigurationPlatforms) = preSolution
		Debug|Any CPU = Debug|Any CPU
		Debug|Mixed Platforms = Debug|Mixed Platforms
		Debug|x86 = Debug|x86
		Release|Any CPU = Release|Any CPU
		Release|Mixed Platforms = Release|Mixed Platforms
		Release|x86 = Release|x86
	EndGlobalSection
	GlobalSection(ProjectConfigurationPlatforms) = postSolution
		{53B2EDCB-0DA2-435C-973F-86F6F303623A}.Debug|Any CPU.ActiveCfg = Debug|Any CPU
		{53B2EDCB-0DA2-435C-973F-86F6F303623A}.Debug|Any CPU.Build.0 = Debug|Any CPU
		{53B2EDCB-0DA2-435C-973F-86F6F303623A}.Debug|Mixed Platforms.ActiveCfg = Debug|Any CPU
		{53B2EDCB-0DA2-435C-973F-86F6F303623A}.Debug|Mixed Platforms.Build.0 = Debug|Any CPU
		{53B2EDCB-0DA2-435C-973F-86F6F303623A}.Debug|x86.ActiveCfg = Debug|Any CPU
		{53B2EDCB-0DA2-435C-973F-86F6F303623A}.Release|Any CPU.ActiveCfg = Release|Any CPU
		{53B2EDCB-0DA2-435C-973F-86F6F303623A}.Release|Any CPU.Build.0 = Release|Any CPU
		{53B2EDCB-0DA2-435C-973F-86F6F303623A}.Release|Mixed Platforms.ActiveCfg = Release|Any CPU
		{53B2EDCB-0DA2-435C-973F-86F6F303623A}.Release|Mixed Platforms.Build.0 = Release|Any CPU
		{53B2EDCB-0DA2-435C-973F-86F6F303623A}.Release|x86.ActiveCfg = Release|Any CPU
		{EBEDD305-0975-416B-A4E5-4C8F5EADB304}.Debug|Any CPU.ActiveCfg = Debug|Any CPU
		{EBEDD305-0975-416B-A4E5-4C8F5EADB304}.Debug|Any CPU.Build.0 = Debug|Any CPU
		{EBEDD305-0975-416B-A4E5-4C8F5EADB304}.Debug|Mixed Platforms.ActiveCfg = Debug|Any CPU
		{EBEDD305-0975-416B-A4E5-4C8F5EADB304}.Debug|Mixed Platforms.Build.0 = Debug|Any CPU
		{EBEDD305-0975-416B-A4E5-4C8F5EADB304}.Debug|x86.ActiveCfg = Debug|Any CPU
		{EBEDD305-0975-416B-A4E5-4C8F5EADB304}.Release|Any CPU.ActiveCfg = Release|Any CPU
		{EBEDD305-0975-416B-A4E5-4C8F5EADB304}.Release|Any CPU.Build.0 = Release|Any CPU
		{EBEDD305-0975-416B-A4E5-4C8F5EADB304}.Release|Mixed Platforms.ActiveCfg = Release|Any CPU
		{EBEDD305-0975-416B-A4E5-4C8F5EADB304}.Release|Mixed Platforms.Build.0 = Release|Any CPU
		{EBEDD305-0975-416B-A4E5-4C8F5EADB304}.Release|x86.ActiveCfg = Release|Any CPU
		{CD4DD380-2148-4C8C-B646-D0405F22D9DE}.Debug|Any CPU.ActiveCfg = Debug|x86
		{CD4DD380-2148-4C8C-B646-D0405F22D9DE}.Debug|Mixed Platforms.ActiveCfg = Debug|x86
		{CD4DD380-2148-4C8C-B646-D0405F22D9DE}.Debug|Mixed Platforms.Build.0 = Debug|x86
		{CD4DD380-2148-4C8C-B646-D0405F22D9DE}.Debug|x86.ActiveCfg = Debug|x86
		{CD4DD380-2148-4C8C-B646-D0405F22D9DE}.Debug|x86.Build.0 = Debug|x86
		{CD4DD380-2148-4C8C-B646-D0405F22D9DE}.Release|Any CPU.ActiveCfg = Release|x86
		{CD4DD380-2148-4C8C-B646-D0405F22D9DE}.Release|Mixed Platforms.ActiveCfg = Release|x86
		{CD4DD380-2148-4C8C-B646-D0405F22D9DE}.Release|Mixed Platforms.Build.0 = Release|x86
		{CD4DD380-2148-4C8C-B646-D0405F22D9DE}.Release|x86.ActiveCfg = Release|x86
		{CD4DD380-2148-4C8C-B646-D0405F22D9DE}.Release|x86.Build.0 = Release|x86
		{84CDCF2E-CF8F-4381-93E6-CD204D50F8C5}.Debug|Any CPU.ActiveCfg = Debug|x86
		{84CDCF2E-CF8F-4381-93E6-CD204D50F8C5}.Debug|Mixed Platforms.ActiveCfg = Debug|x86
		{84CDCF2E-CF8F-4381-93E6-CD204D50F8C5}.Debug|Mixed Platforms.Build.0 = Debug|x86
		{84CDCF2E-CF8F-4381-93E6-CD204D50F8C5}.Debug|x86.ActiveCfg = Debug|x86
		{84CDCF2E-CF8F-4381-93E6-CD204D50F8C5}.Debug|x86.Build.0 = Debug|x86
		{84CDCF2E-CF8F-4381-93E6-CD204D50F8C5}.Release|Any CPU.ActiveCfg = Release|x86
		{84CDCF2E-CF8F-4381-93E6-CD204D50F8C5}.Release|Mixed Platforms.ActiveCfg = Release|x86
		{84CDCF2E-CF8F-4381-93E6-CD204D50F8C5}.Release|Mixed Platforms.Build.0 = Release|x86
		{84CDCF2E-CF8F-4381-93E6-CD204D50F8C5}.Release|x86.ActiveCfg = Release|x86
		{84CDCF2E-CF8F-4381-93E6-CD204D50F8C5}.Release|x86.Build.0 = Release|x86
		{6552CCC8-0ADD-4FDB-A168-5AAC6FE23A74}.Debug|Any CPU.ActiveCfg = Debug|Any CPU
		{6552CCC8-0ADD-4FDB-A168-5AAC6FE23A74}.Debug|Any CPU.Build.0 = Debug|Any CPU
		{6552CCC8-0ADD-4FDB-A168-5AAC6FE23A74}.Debug|Mixed Platforms.ActiveCfg = Debug|Any CPU
		{6552CCC8-0ADD-4FDB-A168-5AAC6FE23A74}.Debug|Mixed Platforms.Build.0 = Debug|Any CPU
		{6552CCC8-0ADD-4FDB-A168-5AAC6FE23A74}.Debug|x86.ActiveCfg = Debug|Any CPU
		{6552CCC8-0ADD-4FDB-A168-5AAC6FE23A74}.Release|Any CPU.ActiveCfg = Release|Any CPU
		{6552CCC8-0ADD-4FDB-A168-5AAC6FE23A74}.Release|Any CPU.Build.0 = Release|Any CPU
		{6552CCC8-0ADD-4FDB-A168-5AAC6FE23A74}.Release|Mixed Platforms.ActiveCfg = Release|Any CPU
		{6552CCC8-0ADD-4FDB-A168-5AAC6FE23A74}.Release|Mixed Platforms.Build.0 = Release|Any CPU
		{6552CCC8-0ADD-4FDB-A168-5AAC6FE23A74}.Release|x86.ActiveCfg = Release|Any CPU
		{AB023680-8E27-4D6C-9EC7-56102A6D3A8A}.Debug|Any CPU.ActiveCfg = Debug|Any CPU
		{AB023680-8E27-4D6C-9EC7-56102A6D3A8A}.Debug|Any CPU.Build.0 = Debug|Any CPU
		{AB023680-8E27-4D6C-9EC7-56102A6D3A8A}.Debug|Mixed Platforms.ActiveCfg = Debug|Any CPU
		{AB023680-8E27-4D6C-9EC7-56102A6D3A8A}.Debug|Mixed Platforms.Build.0 = Debug|Any CPU
		{AB023680-8E27-4D6C-9EC7-56102A6D3A8A}.Debug|x86.ActiveCfg = Debug|Any CPU
		{AB023680-8E27-4D6C-9EC7-56102A6D3A8A}.Release|Any CPU.ActiveCfg = Release|Any CPU
		{AB023680-8E27-4D6C-9EC7-56102A6D3A8A}.Release|Any CPU.Build.0 = Release|Any CPU
		{AB023680-8E27-4D6C-9EC7-56102A6D3A8A}.Release|Mixed Platforms.ActiveCfg = Release|Any CPU
		{AB023680-8E27-4D6C-9EC7-56102A6D3A8A}.Release|Mixed Platforms.Build.0 = Release|Any CPU
		{AB023680-8E27-4D6C-9EC7-56102A6D3A8A}.Release|x86.ActiveCfg = Release|Any CPU
		{C172F5CC-8814-46DF-B25D-2994E524E1D5}.Debug|Any CPU.ActiveCfg = Debug|Any CPU
		{C172F5CC-8814-46DF-B25D-2994E524E1D5}.Debug|Any CPU.Build.0 = Debug|Any CPU
		{C172F5CC-8814-46DF-B25D-2994E524E1D5}.Debug|Mixed Platforms.ActiveCfg = Debug|Any CPU
		{C172F5CC-8814-46DF-B25D-2994E524E1D5}.Debug|Mixed Platforms.Build.0 = Debug|Any CPU
		{C172F5CC-8814-46DF-B25D-2994E524E1D5}.Debug|x86.ActiveCfg = Debug|Any CPU
		{C172F5CC-8814-46DF-B25D-2994E524E1D5}.Release|Any CPU.ActiveCfg = Release|Any CPU
		{C172F5CC-8814-46DF-B25D-2994E524E1D5}.Release|Any CPU.Build.0 = Release|Any CPU
		{C172F5CC-8814-46DF-B25D-2994E524E1D5}.Release|Mixed Platforms.ActiveCfg = Release|Any CPU
		{C172F5CC-8814-46DF-B25D-2994E524E1D5}.Release|Mixed Platforms.Build.0 = Release|Any CPU
		{C172F5CC-8814-46DF-B25D-2994E524E1D5}.Release|x86.ActiveCfg = Release|Any CPU
		{9A922E63-A371-4AA3-8026-EDB091FEF659}.Debug|Any CPU.ActiveCfg = Debug|Any CPU
		{9A922E63-A371-4AA3-8026-EDB091FEF659}.Debug|Any CPU.Build.0 = Debug|Any CPU
		{9A922E63-A371-4AA3-8026-EDB091FEF659}.Debug|Mixed Platforms.ActiveCfg = Debug|Any CPU
		{9A922E63-A371-4AA3-8026-EDB091FEF659}.Debug|Mixed Platforms.Build.0 = Debug|Any CPU
		{9A922E63-A371-4AA3-8026-EDB091FEF659}.Debug|x86.ActiveCfg = Debug|Any CPU
		{9A922E63-A371-4AA3-8026-EDB091FEF659}.Release|Any CPU.ActiveCfg = Release|Any CPU
		{9A922E63-A371-4AA3-8026-EDB091FEF659}.Release|Any CPU.Build.0 = Release|Any CPU
		{9A922E63-A371-4AA3-8026-EDB091FEF659}.Release|Mixed Platforms.ActiveCfg = Release|Any CPU
		{9A922E63-A371-4AA3-8026-EDB091FEF659}.Release|Mixed Platforms.Build.0 = Release|Any CPU
		{9A922E63-A371-4AA3-8026-EDB091FEF659}.Release|x86.ActiveCfg = Release|Any CPU
		{62808611-4211-4C87-9628-C237900A581A}.Debug|Any CPU.ActiveCfg = Debug|Any CPU
		{62808611-4211-4C87-9628-C237900A581A}.Debug|Any CPU.Build.0 = Debug|Any CPU
		{62808611-4211-4C87-9628-C237900A581A}.Debug|Mixed Platforms.ActiveCfg = Debug|Any CPU
		{62808611-4211-4C87-9628-C237900A581A}.Debug|Mixed Platforms.Build.0 = Debug|Any CPU
		{62808611-4211-4C87-9628-C237900A581A}.Debug|x86.ActiveCfg = Debug|Any CPU
		{62808611-4211-4C87-9628-C237900A581A}.Release|Any CPU.ActiveCfg = Release|Any CPU
		{62808611-4211-4C87-9628-C237900A581A}.Release|Any CPU.Build.0 = Release|Any CPU
		{62808611-4211-4C87-9628-C237900A581A}.Release|Mixed Platforms.ActiveCfg = Release|Any CPU
		{62808611-4211-4C87-9628-C237900A581A}.Release|Mixed Platforms.Build.0 = Release|Any CPU
		{62808611-4211-4C87-9628-C237900A581A}.Release|x86.ActiveCfg = Release|Any CPU
		{D0AF37F6-01AE-4AA0-AFA7-1FB91D226C8F}.Debug|Any CPU.ActiveCfg = Debug|Any CPU
		{D0AF37F6-01AE-4AA0-AFA7-1FB91D226C8F}.Debug|Any CPU.Build.0 = Debug|Any CPU
		{D0AF37F6-01AE-4AA0-AFA7-1FB91D226C8F}.Debug|Mixed Platforms.ActiveCfg = Debug|Any CPU
		{D0AF37F6-01AE-4AA0-AFA7-1FB91D226C8F}.Debug|Mixed Platforms.Build.0 = Debug|Any CPU
		{D0AF37F6-01AE-4AA0-AFA7-1FB91D226C8F}.Debug|x86.ActiveCfg = Debug|Any CPU
		{D0AF37F6-01AE-4AA0-AFA7-1FB91D226C8F}.Release|Any CPU.ActiveCfg = Release|Any CPU
		{D0AF37F6-01AE-4AA0-AFA7-1FB91D226C8F}.Release|Any CPU.Build.0 = Release|Any CPU
		{D0AF37F6-01AE-4AA0-AFA7-1FB91D226C8F}.Release|Mixed Platforms.ActiveCfg = Release|Any CPU
		{D0AF37F6-01AE-4AA0-AFA7-1FB91D226C8F}.Release|Mixed Platforms.Build.0 = Release|Any CPU
		{D0AF37F6-01AE-4AA0-AFA7-1FB91D226C8F}.Release|x86.ActiveCfg = Release|Any CPU
		{62482938-9C18-42DA-AC34-E82849E86193}.Debug|Any CPU.ActiveCfg = Debug|Any CPU
		{62482938-9C18-42DA-AC34-E82849E86193}.Debug|Any CPU.Build.0 = Debug|Any CPU
		{62482938-9C18-42DA-AC34-E82849E86193}.Debug|Mixed Platforms.ActiveCfg = Debug|Any CPU
		{62482938-9C18-42DA-AC34-E82849E86193}.Debug|Mixed Platforms.Build.0 = Debug|Any CPU
		{62482938-9C18-42DA-AC34-E82849E86193}.Debug|x86.ActiveCfg = Debug|Any CPU
		{62482938-9C18-42DA-AC34-E82849E86193}.Release|Any CPU.ActiveCfg = Release|Any CPU
		{62482938-9C18-42DA-AC34-E82849E86193}.Release|Any CPU.Build.0 = Release|Any CPU
		{62482938-9C18-42DA-AC34-E82849E86193}.Release|Mixed Platforms.ActiveCfg = Release|Any CPU
		{62482938-9C18-42DA-AC34-E82849E86193}.Release|Mixed Platforms.Build.0 = Release|Any CPU
		{62482938-9C18-42DA-AC34-E82849E86193}.Release|x86.ActiveCfg = Release|Any CPU
		{858AEB07-6C6B-4C98-AEBF-594FE32D2DD3}.Debug|Any CPU.ActiveCfg = Debug|Any CPU
		{858AEB07-6C6B-4C98-AEBF-594FE32D2DD3}.Debug|Any CPU.Build.0 = Debug|Any CPU
		{858AEB07-6C6B-4C98-AEBF-594FE32D2DD3}.Debug|Mixed Platforms.ActiveCfg = Debug|Any CPU
		{858AEB07-6C6B-4C98-AEBF-594FE32D2DD3}.Debug|Mixed Platforms.Build.0 = Debug|Any CPU
		{858AEB07-6C6B-4C98-AEBF-594FE32D2DD3}.Debug|x86.ActiveCfg = Debug|Any CPU
		{858AEB07-6C6B-4C98-AEBF-594FE32D2DD3}.Release|Any CPU.ActiveCfg = Release|Any CPU
		{858AEB07-6C6B-4C98-AEBF-594FE32D2DD3}.Release|Any CPU.Build.0 = Release|Any CPU
		{858AEB07-6C6B-4C98-AEBF-594FE32D2DD3}.Release|Mixed Platforms.ActiveCfg = Release|Any CPU
		{858AEB07-6C6B-4C98-AEBF-594FE32D2DD3}.Release|Mixed Platforms.Build.0 = Release|Any CPU
		{858AEB07-6C6B-4C98-AEBF-594FE32D2DD3}.Release|x86.ActiveCfg = Release|Any CPU
		{C60DA473-D2F6-4650-ADA9-FF5AA1C7B75C}.Debug|Any CPU.ActiveCfg = Debug|Any CPU
		{C60DA473-D2F6-4650-ADA9-FF5AA1C7B75C}.Debug|Any CPU.Build.0 = Debug|Any CPU
		{C60DA473-D2F6-4650-ADA9-FF5AA1C7B75C}.Debug|Mixed Platforms.ActiveCfg = Debug|Any CPU
		{C60DA473-D2F6-4650-ADA9-FF5AA1C7B75C}.Debug|Mixed Platforms.Build.0 = Debug|Any CPU
		{C60DA473-D2F6-4650-ADA9-FF5AA1C7B75C}.Debug|x86.ActiveCfg = Debug|Any CPU
		{C60DA473-D2F6-4650-ADA9-FF5AA1C7B75C}.Release|Any CPU.ActiveCfg = Release|Any CPU
		{C60DA473-D2F6-4650-ADA9-FF5AA1C7B75C}.Release|Any CPU.Build.0 = Release|Any CPU
		{C60DA473-D2F6-4650-ADA9-FF5AA1C7B75C}.Release|Mixed Platforms.ActiveCfg = Release|Any CPU
		{C60DA473-D2F6-4650-ADA9-FF5AA1C7B75C}.Release|Mixed Platforms.Build.0 = Release|Any CPU
		{C60DA473-D2F6-4650-ADA9-FF5AA1C7B75C}.Release|x86.ActiveCfg = Release|Any CPU
		{52F050D1-31E4-4E2A-8765-13C21790FFF3}.Debug|Any CPU.ActiveCfg = Debug|Any CPU
		{52F050D1-31E4-4E2A-8765-13C21790FFF3}.Debug|Any CPU.Build.0 = Debug|Any CPU
		{52F050D1-31E4-4E2A-8765-13C21790FFF3}.Debug|Mixed Platforms.ActiveCfg = Debug|Any CPU
		{52F050D1-31E4-4E2A-8765-13C21790FFF3}.Debug|Mixed Platforms.Build.0 = Debug|Any CPU
		{52F050D1-31E4-4E2A-8765-13C21790FFF3}.Debug|x86.ActiveCfg = Debug|Any CPU
		{52F050D1-31E4-4E2A-8765-13C21790FFF3}.Release|Any CPU.ActiveCfg = Release|Any CPU
		{52F050D1-31E4-4E2A-8765-13C21790FFF3}.Release|Any CPU.Build.0 = Release|Any CPU
		{52F050D1-31E4-4E2A-8765-13C21790FFF3}.Release|Mixed Platforms.ActiveCfg = Release|Any CPU
		{52F050D1-31E4-4E2A-8765-13C21790FFF3}.Release|Mixed Platforms.Build.0 = Release|Any CPU
		{52F050D1-31E4-4E2A-8765-13C21790FFF3}.Release|x86.ActiveCfg = Release|Any CPU
		{86C9FA05-49E9-462D-B719-1456A7E542E8}.Debug|Any CPU.ActiveCfg = Debug|Any CPU
		{86C9FA05-49E9-462D-B719-1456A7E542E8}.Debug|Any CPU.Build.0 = Debug|Any CPU
		{86C9FA05-49E9-462D-B719-1456A7E542E8}.Debug|Mixed Platforms.ActiveCfg = Debug|Any CPU
		{86C9FA05-49E9-462D-B719-1456A7E542E8}.Debug|Mixed Platforms.Build.0 = Debug|Any CPU
		{86C9FA05-49E9-462D-B719-1456A7E542E8}.Debug|x86.ActiveCfg = Debug|Any CPU
		{86C9FA05-49E9-462D-B719-1456A7E542E8}.Release|Any CPU.ActiveCfg = Release|Any CPU
		{86C9FA05-49E9-462D-B719-1456A7E542E8}.Release|Any CPU.Build.0 = Release|Any CPU
		{86C9FA05-49E9-462D-B719-1456A7E542E8}.Release|Mixed Platforms.ActiveCfg = Release|Any CPU
		{86C9FA05-49E9-462D-B719-1456A7E542E8}.Release|Mixed Platforms.Build.0 = Release|Any CPU
		{86C9FA05-49E9-462D-B719-1456A7E542E8}.Release|x86.ActiveCfg = Release|Any CPU
		{B3247FA5-373E-46FA-8931-C189C522CA58}.Debug|Any CPU.ActiveCfg = Debug|Any CPU
		{B3247FA5-373E-46FA-8931-C189C522CA58}.Debug|Any CPU.Build.0 = Debug|Any CPU
		{B3247FA5-373E-46FA-8931-C189C522CA58}.Debug|Mixed Platforms.ActiveCfg = Debug|Any CPU
		{B3247FA5-373E-46FA-8931-C189C522CA58}.Debug|Mixed Platforms.Build.0 = Debug|Any CPU
		{B3247FA5-373E-46FA-8931-C189C522CA58}.Debug|x86.ActiveCfg = Debug|Any CPU
		{B3247FA5-373E-46FA-8931-C189C522CA58}.Release|Any CPU.ActiveCfg = Release|Any CPU
		{B3247FA5-373E-46FA-8931-C189C522CA58}.Release|Any CPU.Build.0 = Release|Any CPU
		{B3247FA5-373E-46FA-8931-C189C522CA58}.Release|Mixed Platforms.ActiveCfg = Release|Any CPU
		{B3247FA5-373E-46FA-8931-C189C522CA58}.Release|Mixed Platforms.Build.0 = Release|Any CPU
		{B3247FA5-373E-46FA-8931-C189C522CA58}.Release|x86.ActiveCfg = Release|Any CPU
		{893158E1-F873-440C-994D-98BFEB5A853D}.Debug|Any CPU.ActiveCfg = Debug|Any CPU
		{893158E1-F873-440C-994D-98BFEB5A853D}.Debug|Any CPU.Build.0 = Debug|Any CPU
		{893158E1-F873-440C-994D-98BFEB5A853D}.Debug|Mixed Platforms.ActiveCfg = Debug|Any CPU
		{893158E1-F873-440C-994D-98BFEB5A853D}.Debug|Mixed Platforms.Build.0 = Debug|Any CPU
		{893158E1-F873-440C-994D-98BFEB5A853D}.Debug|x86.ActiveCfg = Debug|Any CPU
		{893158E1-F873-440C-994D-98BFEB5A853D}.Release|Any CPU.ActiveCfg = Release|Any CPU
		{893158E1-F873-440C-994D-98BFEB5A853D}.Release|Any CPU.Build.0 = Release|Any CPU
		{893158E1-F873-440C-994D-98BFEB5A853D}.Release|Mixed Platforms.ActiveCfg = Release|Any CPU
		{893158E1-F873-440C-994D-98BFEB5A853D}.Release|Mixed Platforms.Build.0 = Release|Any CPU
		{893158E1-F873-440C-994D-98BFEB5A853D}.Release|x86.ActiveCfg = Release|Any CPU
	EndGlobalSection
	GlobalSection(SolutionProperties) = preSolution
		HideSolutionNode = FALSE
	EndGlobalSection
	GlobalSection(NestedProjects) = preSolution
		{53B2EDCB-0DA2-435C-973F-86F6F303623A} = {937440F7-801C-4674-A140-098AF035AE8A}
		{CD4DD380-2148-4C8C-B646-D0405F22D9DE} = {579D0B2C-9780-4C79-B41A-5A222BFC5E3D}
		{84CDCF2E-CF8F-4381-93E6-CD204D50F8C5} = {937440F7-801C-4674-A140-098AF035AE8A}
		{AB023680-8E27-4D6C-9EC7-56102A6D3A8A} = {579D0B2C-9780-4C79-B41A-5A222BFC5E3D}
		{893158E1-F873-440C-994D-98BFEB5A853D} = {937440F7-801C-4674-A140-098AF035AE8A}
	EndGlobalSection
	GlobalSection(Performance) = preSolution
		HasPerformanceSessions = true
	EndGlobalSection
EndGlobal
